
Microsoft Visual Studio Solution File, Format Version 12.00
# Visual Studio Version 17
VisualStudioVersion = 17.8.34330.188
MinimumVisualStudioVersion = 10.0.40219.1
Project("{FAE04EC0-301F-11D3-BF4B-00C04F79EFBC}") = "test", "test.csproj", "{A81950A4-6432-43EA-A590-B6CE4693E915}"
EndProject
Global
	GlobalSection(SolutionConfigurationPlatforms) = preSolution
		Debug|x86 = Debug|x86
		Release|x86 = Release|x86
	EndGlobalSection
	GlobalSection(ProjectConfigurationPlatforms) = postSolution
		{A81950A4-6432-43EA-A590-B6CE4693E915}.Debug|x86.ActiveCfg = Debug|x86
		{A81950A4-6432-43EA-A590-B6CE4693E915}.Debug|x86.Build.0 = Debug|x86
		{A81950A4-6432-43EA-A590-B6CE4693E915}.Release|x86.ActiveCfg = Release|x86
		{A81950A4-6432-43EA-A590-B6CE4693E915}.Release|x86.Build.0 = Release|x86
	EndGlobalSection
	GlobalSection(SolutionProperties) = preSolution
		HideSolutionNode = FALSE
	EndGlobalSection
	GlobalSection(ExtensibilityGlobals) = postSolution
		SolutionGuid = {A4DFD6FB-D95B-4329-AF50-80507A064A20}
	EndGlobalSection
EndGlobal
